{
  "version": 4,
  "terraform_version": "1.15.7",
  "serial": 9,
  "lineage": "444bc23b-6e4a-c985-100b-0884c582332a",
  "outputs": {},
  "resources": [
    {
      "module": "module.resource_group[\"app\"]",
      "mode": "managed",
      "type": "azurerm_resource_group",
      "name": "resource_group",
      "provider": "provider[\"registry.terraform.io/hashicorp/azurerm\"]",
      "instances": [
        {
          "schema_version": 0,
          "attributes": {
            "id": "/subscriptions/0e852ec6-bbae-4045-9ebb-191fee00ffb9/resourceGroups/home-app-dev-uks-rg",
            "location": "uksouth",
            "managed_by": "",
            "name": "home-app-dev-uks-rg",
            "tags": {
              "CreatedDate": "2026-07-04T14:07:29Z",
              "Environment": "dev",
              "Location": "uks",
              "ManagedBy": "Terraform",
              "Project": "terraform",
              "ResourceGroup": "app"
            },
            "timeouts": null
          },
          "sensitive_attributes": [],
          "identity_schema_version": 0,
          "private": "eyJlMmJmYjczMC1lY2FhLTExZTYtOGY4OC0zNDM2M2JjN2M0YzAiOnsiY3JlYXRlIjo1NDAwMDAwMDAwMDAwLCJkZWxldGUiOjU0MDAwMDAwMDAwMDAsInJlYWQiOjMwMDAwMDAwMDAwMCwidXBkYXRlIjo1NDAwMDAwMDAwMDAwfX0="
        }
      ]
    },
    {
      "module": "module.resource_group[\"data\"]",
      "mode": "managed",
      "type": "azurerm_resource_group",
      "name": "resource_group",
      "provider": "provider[\"registry.terraform.io/hashicorp/azurerm\"]",
      "instances": [
        {
          "schema_version": 0,
          "attributes": {
            "id": "/subscriptions/0e852ec6-bbae-4045-9ebb-191fee00ffb9/resourceGroups/home-data-dev-uks-rg",
            "location": "uksouth",
            "managed_by": "",
            "name": "home-data-dev-uks-rg",
            "tags": {
              "CreatedDate": "2026-07-04T14:07:29Z",
              "Environment": "dev",
              "Location": "uks",
              "ManagedBy": "Terraform",
              "Project": "terraform",
              "ResourceGroup": "data"
            },
            "timeouts": null
          },
          "sensitive_attributes": [],
          "identity_schema_version": 0,
          "private": "eyJlMmJmYjczMC1lY2FhLTExZTYtOGY4OC0zNDM2M2JjN2M0YzAiOnsiY3JlYXRlIjo1NDAwMDAwMDAwMDAwLCJkZWxldGUiOjU0MDAwMDAwMDAwMDAsInJlYWQiOjMwMDAwMDAwMDAwMCwidXBkYXRlIjo1NDAwMDAwMDAwMDAwfX0="
        }
      ]
    },
    {
      "module": "module.resource_group[\"network\"]",
      "mode": "managed",
      "type": "azurerm_resource_group",
      "name": "resource_group",
      "provider": "provider[\"registry.terraform.io/hashicorp/azurerm\"]",
      "instances": [
        {
          "schema_version": 0,
          "attributes": {
            "id": "/subscriptions/0e852ec6-bbae-4045-9ebb-191fee00ffb9/resourceGroups/home-network-dev-uks-rg",
            "location": "uksouth",
            "managed_by": "",
            "name": "home-network-dev-uks-rg",
            "tags": {
              "CreatedDate": "2026-07-04T14:07:29Z",
              "Environment": "dev",
              "Location": "uks",
              "ManagedBy": "Terraform",
              "Project": "terraform",
              "ResourceGroup": "network"
            },
            "timeouts": null
          },
          "sensitive_attributes": [],
          "identity_schema_version": 0,
          "private": "eyJlMmJmYjczMC1lY2FhLTExZTYtOGY4OC0zNDM2M2JjN2M0YzAiOnsiY3JlYXRlIjo1NDAwMDAwMDAwMDAwLCJkZWxldGUiOjU0MDAwMDAwMDAwMDAsInJlYWQiOjMwMDAwMDAwMDAwMCwidXBkYXRlIjo1NDAwMDAwMDAwMDAwfX0="
        }
      ]
    }
  ],
  "check_results": null
}
